
Microsoft Visual Studio Solution File, Format Version 12.00
# Visual Studio Version 16
VisualStudioVersion = 16.0.31205.134
MinimumVisualStudioVersion = 10.0.40219.1
Project("{9A19103F-16F7-4668-BE54-9A1E7A4F7556}") = "AJP_AML_Service", "AJP_AML_Service\AJP_AML_Service.csproj", "{D72A83A9-D723-490D-B09B-835F7804CDC2}"
EndProject
Global
	GlobalSection(SolutionConfigurationPlatforms) = preSolution
		Debug|Any CPU = Debug|Any CPU
		Release|Any CPU = Release|Any CPU
	EndGlobalSection
	GlobalSection(ProjectConfigurationPlatforms) = postSolution
		{D72A83A9-D723-490D-B09B-835F7804CDC2}.Debug|Any CPU.ActiveCfg = Debug|Any CPU
		{D72A83A9-D723-490D-B09B-835F7804CDC2}.Debug|Any CPU.Build.0 = Debug|Any CPU
		{D72A83A9-D723-490D-B09B-835F7804CDC2}.Release|Any CPU.ActiveCfg = Release|Any CPU
		{D72A83A9-D723-490D-B09B-835F7804CDC2}.Release|Any CPU.Build.0 = Release|Any CPU
	EndGlobalSection
	GlobalSection(SolutionProperties) = preSolution
		HideSolutionNode = FALSE
	EndGlobalSection
	GlobalSection(ExtensibilityGlobals) = postSolution
		SolutionGuid = {D14D70F9-4CB4-487C-A487-3A7D650EF045}
	EndGlobalSection
EndGlobal
